// !$*UTF8*$!
{
	archiveVersion = 1;
	classes = {
	};
	objectVersion = 55;
	objects = {

/* Begin PBXBuildFile section */
		BF3A9E7E2774D06E00168FAC /* AppDelegate.swift in Sources */ = {isa = PBXBuildFile; fileRef = BF3A9E7D2774D06E00168FAC /* AppDelegate.swift */; };
		BF3A9E802774D06E00168FAC /* SceneDelegate.swift in Sources */ = {isa = PBXBuildFile; fileRef = BF3A9E7F2774D06E00168FAC /* SceneDelegate.swift */; };
		BF3A9E822774D06E00168FAC /* ViewController.swift in Sources */ = {isa = PBXBuildFile; fileRef = BF3A9E812774D06E00168FAC /* ViewController.swift */; };
		BF3A9E852774D06E00168FAC /* Main.storyboard in Resources */ = {isa = PBXBuildFile; fileRef = BF3A9E832774D06E00168FAC /* Main.storyboard */; };
		BF3A9E872774D06F00168FAC /* Assets.xcassets in Resources */ = {isa = PBXBuildFile; fileRef = BF3A9E862774D06F00168FAC /* Assets.xcassets */; };
		BF3A9E8A2774D06F00168FAC /* LaunchScreen.storyboard in Resources */ = {isa = PBXBuildFile; fileRef = BF3A9E882774D06F00168FAC /* LaunchScreen.storyboard */; };
		BF3A9E952774D07000168FAC /* UiTabViewTests.swift in Sources */ = {isa = PBXBuildFile; fileRef = BF3A9E942774D07000168FAC /* UiTabViewTests.swift */; };
		BF3A9E9F2774D07000168FAC /* UiTabViewUITests.swift in Sources */ = {isa = PBXBuildFile; fileRef = BF3A9E9E2774D07000168FAC /* UiTabViewUITests.swift */; };
		BF3A9EA12774D07000168FAC /* UiTabViewUITestsLaunchTests.swift in Sources */ = {isa = PBXBuildFile; fileRef = BF3A9EA02774D07000168FAC /* UiTabViewUITestsLaunchTests.swift */; };
/* End PBXBuildFile section */

/* Begin PBXContainerItemProxy section */
		BF3A9E912774D07000168FAC /* PBXContainerItemProxy */ = {
			isa = PBXContainerItemProxy;
			containerPortal = BF3A9E722774D06E00168FAC /* Project object */;
			proxyType = 1;
			remoteGlobalIDString = BF3A9E792774D06E00168FAC;
			remoteInfo = UiTabView;
		};
		BF3A9E9B2774D07000168FAC /* PBXContainerItemProxy */ = {
			isa = PBXContainerItemProxy;
			containerPortal = BF3A9E722774D06E00168FAC /* Project object */;
			proxyType = 1;
			remoteGlobalIDString = BF3A9E792774D06E00168FAC;
			remoteInfo = UiTabView;
		};
/* End PBXContainerItemProxy section */

/* Begin PBXFileReference section */
		BF3A9E7A2774D06E00168FAC /* UiTabView.app */ = {isa = PBXFileReference; explicitFileType = wrapper.application; includeInIndex = 0; path = UiTabView.app; sourceTree = BUILT_PRODUCTS_DIR; };
		BF3A9E7D2774D06E00168FAC /* AppDelegate.swift */ = {isa = PBXFileReference; lastKnownFileType = sourcecode.swift; path = AppDelegate.swift; sourceTree = "<group>"; };
		BF3A9E7F2774D06E00168FAC /* SceneDelegate.swift */ = {isa = PBXFileReference; lastKnownFileType = sourcecode.swift; path = SceneDelegate.swift; sourceTree = "<group>"; };
		BF3A9E812774D06E00168FAC /* ViewController.swift */ = {isa = PBXFileReference; lastKnownFileType = sourcecode.swift; path = ViewController.swift; sourceTree = "<group>"; };
		BF3A9E842774D06E00168FAC /* Base */ = {isa = PBXFileReference; lastKnownFileType = file.storyboard; name = Base; path = Base.lproj/Main.storyboard; sourceTree = "<group>"; };
		BF3A9E862774D06F00168FAC /* Assets.xcassets */ = {isa = PBXFileReference; lastKnownFileType = folder.assetcatalog; path = Assets.xcassets; sourceTree = "<group>"; };
		BF3A9E892774D06F00168FAC /* Base */ = {isa = PBXFileReference; lastKnownFileType = file.storyboard; name = Base; path = Base.lproj/LaunchScreen.storyboard; sourceTree = "<group>"; };
		BF3A9E8B2774D06F00168FAC /* Info.plist */ = {isa = PBXFileReference; lastKnownFileType = text.plist.xml; path = Info.plist; sourceTree = "<group>"; };
		BF3A9E902774D07000168FAC /* UiTabViewTests.xctest */ = {isa = PBXFileReference; explicitFileType = wrapper.cfbundle; includeInIndex = 0; path = UiTabViewTests.xctest; sourceTree = BUILT_PRODUCTS_DIR; };
		BF3A9E942774D07000168FAC /* UiTabViewTests.swift */ = {isa = PBXFileReference; lastKnownFileType = sourcecode.swift; path = UiTabViewTests.swift; sourceTree = "<group>"; };
		BF3A9E9A2774D07000168FAC /* UiTabViewUITests.xctest */ = {isa = PBXFileReference; explicitFileType = wrapper.cfbundle; includeInIndex = 0; path = UiTabViewUITests.xctest; sourceTree = BUILT_PRODUCTS_DIR; };
		BF3A9E9E2774D07000168FAC /* UiTabViewUITests.swift */ = {isa = PBXFileReference; lastKnownFileType = sourcecode.swift; path = UiTabViewUITests.swift; sourceTree = "<group>"; };
		BF3A9EA02774D07000168FAC /* UiTabViewUITestsLaunchTests.swift */ = {isa = PBXFileReference; lastKnownFileType = sourcecode.swift; path = UiTabViewUITestsLaunchTests.swift; sourceTree = "<group>"; };
/* End PBXFileReference section */

/* Begin PBXFrameworksBuildPhase section */
		BF3A9E772774D06E00168FAC /* Frameworks */ = {
			isa = PBXFrameworksBuildPhase;
			buildActionMask = 2147483647;
			files = (
			);
			runOnlyForDeploymentPostprocessing = 0;
		};
		BF3A9E8D2774D07000168FAC /* Frameworks */ = {
			isa = PBXFrameworksBuildPhase;
			buildActionMask = 2147483647;
			files = (
			);
			runOnlyForDeploymentPostprocessing = 0;
		};
		BF3A9E972774D07000168FAC /* Frameworks */ = {
			isa = PBXFrameworksBuildPhase;
			buildActionMask = 2147483647;
			files = (
			);
			runOnlyForDeploymentPostprocessing = 0;
		};
/* End PBXFrameworksBuildPhase section */

/* Begin PBXGroup section */
		BF3A9E712774D06E00168FAC = {
			isa = PBXGroup;
			children = (
				BF3A9E7C2774D06E00168FAC /* UiTabView */,
				BF3A9E932774D07000168FAC /* UiTabViewTests */,
				BF3A9E9D2774D07000168FAC /* UiTabViewUITests */,
				BF3A9E7B2774D06E00168FAC /* Products */,
			);
			sourceTree = "<group>";
		};
		BF3A9E7B2774D06E00168FAC /* Products */ = {
			isa = PBXGroup;
			children = (
				BF3A9E7A2774D06E00168FAC /* UiTabView.app */,
				BF3A9E902774D07000168FAC /* UiTabViewTests.xctest */,
				BF3A9E9A2774D07000168FAC /* UiTabViewUITests.xctest */,
			);
			name = Products;
			sourceTree = "<group>";
		};
		BF3A9E7C2774D06E00168FAC /* UiTabView */ = {
			isa = PBXGroup;
			children = (
				BF3A9E7D2774D06E00168FAC /* AppDelegate.swift */,
				BF3A9E7F2774D06E00168FAC /* SceneDelegate.swift */,
				BF3A9E812774D06E00168FAC /* ViewController.swift */,
				BF3A9E832774D06E00168FAC /* Main.storyboard */,
				BF3A9E862774D06F00168FAC /* Assets.xcassets */,
				BF3A9E882774D06F00168FAC /* LaunchScreen.storyboard */,
				BF3A9E8B2774D06F00168FAC /* Info.plist */,
			);
			path = UiTabView;
			sourceTree = "<group>";
		};
		BF3A9E932774D07000168FAC /* UiTabViewTests */ = {
			isa = PBXGroup;
			children = (
				BF3A9E942774D07000168FAC /* UiTabViewTests.swift */,
			);
			path = UiTabViewTests;
			sourceTree = "<group>";
		};
		BF3A9E9D2774D07000168FAC /* UiTabViewUITests */ = {
			isa = PBXGroup;
			children = (
				BF3A9E9E2774D07000168FAC /* UiTabViewUITests.swift */,
				BF3A9EA02774D07000168FAC /* UiTabViewUITestsLaunchTests.swift */,
			);
			path = UiTabViewUITests;
			sourceTree = "<group>";
		};
/* End PBXGroup section */

/* Begin PBXNativeTarget section */
		BF3A9E792774D06E00168FAC /* UiTabView */ = {
			isa = PBXNativeTarget;
			buildConfigurationList = BF3A9EA42774D07000168FAC /* Build configuration list for PBXNativeTarget "UiTabView" */;
			buildPhases = (
				BF3A9E762774D06E00168FAC /* Sources */,
				BF3A9E772774D06E00168FAC /* Frameworks */,
				BF3A9E782774D06E00168FAC /* Resources */,
			);
			buildRules = (
			);
			dependencies = (
			);
			name = UiTabView;
			productName = UiTabView;
			productReference = BF3A9E7A2774D06E00168FAC /* UiTabView.app */;
			productType = "com.apple.product-type.application";
		};
		BF3A9E8F2774D07000168FAC /* UiTabViewTests */ = {
			isa = PBXNativeTarget;
			buildConfigurationList = BF3A9EA72774D07000168FAC /* Build configuration list for PBXNativeTarget "UiTabViewTests" */;
			buildPhases = (
				BF3A9E8C2774D07000168FAC /* Sources */,
				BF3A9E8D2774D07000168FAC /* Frameworks */,
				BF3A9E8E2774D07000168FAC /* Resources */,
			);
			buildRules = (
			);
			dependencies = (
				BF3A9E922774D07000168FAC /* PBXTargetDependency */,
			);
			name = UiTabViewTests;
			productName = UiTabViewTests;
			productReference = BF3A9E902774D07000168FAC /* UiTabViewTests.xctest */;
			productType = "com.apple.product-type.bundle.unit-test";
		};
		BF3A9E992774D07000168FAC /* UiTabViewUITests */ = {
			isa = PBXNativeTarget;
			buildConfigurationList = BF3A9EAA2774D07000168FAC /* Build configuration list for PBXNativeTarget "UiTabViewUITests" */;
			buildPhases = (
				BF3A9E962774D07000168FAC /* Sources */,
				BF3A9E972774D07000168FAC /* Frameworks */,
				BF3A9E982774D07000168FAC /* Resources */,
			);
			buildRules = (
			);
			dependencies = (
				BF3A9E9C2774D07000168FAC /* PBXTargetDependency */,
			);
			name = UiTabViewUITests;
			productName = UiTabViewUITests;
			productReference = BF3A9E9A2774D07000168FAC /* UiTabViewUITests.xctest */;
			productType = "com.apple.product-type.bundle.ui-testing";
		};
/* End PBXNativeTarget section */

/* Begin PBXProject section */
		BF3A9E722774D06E00168FAC /* Project object */ = {
			isa = PBXProject;
			attributes = {
				BuildIndependentTargetsInParallel = 1;
				LastSwiftUpdateCheck = 1320;
				LastUpgradeCheck = 1320;
				TargetAttributes = {
					BF3A9E792774D06E00168FAC = {
						CreatedOnToolsVersion = 13.2.1;
					};
					BF3A9E8F2774D07000168FAC = {
						CreatedOnToolsVersion = 13.2.1;
						TestTargetID = BF3A9E792774D06E00168FAC;
					};
					BF3A9E992774D07000168FAC = {
						CreatedOnToolsVersion = 13.2.1;
						TestTargetID = BF3A9E792774D06E00168FAC;
					};
				};
			};
			buildConfigurationList = BF3A9E752774D06E00168FAC /* Build configuration list for PBXProject "UiTabView" */;
			compatibilityVersion = "Xcode 13.0";
			developmentRegion = en;
			hasScannedForEncodings = 0;
			knownRegions = (
				en,
				Base,
			);
			mainGroup = BF3A9E712774D06E00168FAC;
			productRefGroup = BF3A9E7B2774D06E00168FAC /* Products */;
			projectDirPath = "";
			projectRoot = "";
			targets = (
				BF3A9E792774D06E00168FAC /* UiTabView */,
				BF3A9E8F2774D07000168FAC /* UiTabViewTests */,
				BF3A9E992774D07000168FAC /* UiTabViewUITests */,
			);
		};
/* End PBXProject section */

/* Begin PBXResourcesBuildPhase section */
		BF3A9E782774D06E00168FAC /* Resources */ = {
			isa = PBXResourcesBuildPhase;
			buildActionMask = 2147483647;
			files = (
				BF3A9E8A2774D06F00168FAC /* LaunchScreen.storyboard in Resources */,
				BF3A9E872774D06F00168FAC /* Assets.xcassets in Resources */,
				BF3A9E852774D06E00168FAC /* Main.storyboard in Resources */,
			);
			runOnlyForDeploymentPostprocessing = 0;
		};
		BF3A9E8E2774D07000168FAC /* Resources */ = {
			isa = PBXResourcesBuildPhase;
			buildActionMask = 2147483647;
			files = (
			);
			runOnlyForDeploymentPostprocessing = 0;
		};
		BF3A9E982774D07000168FAC /* Resources */ = {
			isa = PBXResourcesBuildPhase;
			buildActionMask = 2147483647;
			files = (
			);
			runOnlyForDeploymentPostprocessing = 0;
		};
/* End PBXResourcesBuildPhase section */

/* Begin PBXSourcesBuildPhase section */
		BF3A9E762774D06E00168FAC /* Sources */ = {
			isa = PBXSourcesBuildPhase;
			buildActionMask = 2147483647;
			files = (
				BF3A9E822774D06E00168FAC /* ViewController.swift in Sources */,
				BF3A9E7E2774D06E00168FAC /* AppDelegate.swift in Sources */,
				BF3A9E802774D06E00168FAC /* SceneDelegate.swift in Sources */,
			);
			runOnlyForDeploymentPostprocessing = 0;
		};
		BF3A9E8C2774D07000168FAC /* Sources */ = {
			isa = PBXSourcesBuildPhase;
			buildActionMask = 2147483647;
			files = (
				BF3A9E952774D07000168FAC /* UiTabViewTests.swift in Sources */,
			);
			runOnlyForDeploymentPostprocessing = 0;
		};
		BF3A9E962774D07000168FAC /* Sources */ = {
			isa = PBXSourcesBuildPhase;
			buildActionMask = 2147483647;
			files = (
				BF3A9E9F2774D07000168FAC /* UiTabViewUITests.swift in Sources */,
				BF3A9EA12774D07000168FAC /* UiTabViewUITestsLaunchTests.swift in Sources */,
			);
			runOnlyForDeploymentPostprocessing = 0;
		};
/* End PBXSourcesBuildPhase section */

/* Begin PBXTargetDependency section */
		BF3A9E922774D07000168FAC /* PBXTargetDependency */ = {
			isa = PBXTargetDependency;
			target = BF3A9E792774D06E00168FAC /* UiTabView */;
			targetProxy = BF3A9E912774D07000168FAC /* PBXContainerItemProxy */;
		};
		BF3A9E9C2774D07000168FAC /* PBXTargetDependency */ = {
			isa = PBXTargetDependency;
			target = BF3A9E792774D06E00168FAC /* UiTabView */;
			targetProxy = BF3A9E9B2774D07000168FAC /* PBXContainerItemProxy */;
		};
/* End PBXTargetDependency section */

/* Begin PBXVariantGroup section */
		BF3A9E832774D06E00168FAC /* Main.storyboard */ = {
			isa = PBXVariantGroup;
			children = (
				BF3A9E842774D06E00168FAC /* Base */,
			);
			name = Main.storyboard;
			sourceTree = "<group>";
		};
		BF3A9E882774D06F00168FAC /* LaunchScreen.storyboard */ = {
			isa = PBXVariantGroup;
			children = (
				BF3A9E892774D06F00168FAC /* Base */,
			);
			name = LaunchScreen.storyboard;
			sourceTree = "<group>";
		};
/* End PBXVariantGroup section */

/* Begin XCBuildConfiguration section */
		BF3A9EA22774D07000168FAC /* Debug */ = {
			isa = XCBuildConfiguration;
			buildSettings = {
				ALWAYS_SEARCH_USER_PATHS = NO;
				CLANG_ANALYZER_NONNULL = YES;
				CLANG_ANALYZER_NUMBER_OBJECT_CONVERSION = YES_AGGRESSIVE;
				CLANG_CXX_LANGUAGE_STANDARD = "gnu++17";
				CLANG_CXX_LIBRARY = "libc++";
				CLANG_ENABLE_MODULES = YES;
				CLANG_ENABLE_OBJC_ARC = YES;
				CLANG_ENABLE_OBJC_WEAK = YES;
				CLANG_WARN_BLOCK_CAPTURE_AUTORELEASING = YES;
				CLANG_WARN_BOOL_CONVERSION = YES;
				CLANG_WARN_COMMA = YES;
				CLANG_WARN_CONSTANT_CONVERSION = YES;
				CLANG_WARN_DEPRECATED_OBJC_IMPLEMENTATIONS = YES;
				CLANG_WARN_DIRECT_OBJC_ISA_USAGE = YES_ERROR;
				CLANG_WARN_DOCUMENTATION_COMMENTS = YES;
				CLANG_WARN_EMPTY_BODY = YES;
				CLANG_WARN_ENUM_CONVERSION = YES;
				CLANG_WARN_INFINITE_RECURSION = YES;
				CLANG_WARN_INT_CONVERSION = YES;
				CLANG_WARN_NON_LITERAL_NULL_CONVERSION = YES;
				CLANG_WARN_OBJC_IMPLICIT_RETAIN_SELF = YES;
				CLANG_WARN_OBJC_LITERAL_CONVERSION = YES;
				CLANG_WARN_OBJC_ROOT_CLASS = YES_ERROR;
				CLANG_WARN_QUOTED_INCLUDE_IN_FRAMEWORK_HEADER = YES;
				CLANG_WARN_RANGE_LOOP_ANALYSIS = YES;
				CLANG_WARN_STRICT_PROTOTYPES = YES;
				CLANG_WARN_SUSPICIOUS_MOVE = YES;
				CLANG_WARN_UNGUARDED_AVAILABILITY = YES_AGGRESSIVE;
				CLANG_WARN_UNREACHABLE_CODE = YES;
				CLANG_WARN__DUPLICATE_METHOD_MATCH = YES;
				COPY_PHASE_STRIP = NO;
				DEBUG_INFORMATION_FORMAT = dwarf;
				ENABLE_STRICT_OBJC_MSGSEND = YES;
				ENABLE_TESTABILITY = YES;
				GCC_C_LANGUAGE_STANDARD = gnu11;
				GCC_DYNAMIC_NO_PIC = NO;
				GCC_NO_COMMON_BLOCKS = YES;
				GCC_OPTIMIZATION_LEVEL = 0;
				GCC_PREPROCESSOR_DEFINITIONS = (
					"DEBUG=1",
					"$(inherited)",
				);
				GCC_WARN_64_TO_32_BIT_CONVERSION = YES;
				GCC_WARN_ABOUT_RETURN_TYPE = YES_ERROR;
				GCC_WARN_UNDECLARED_SELECTOR = YES;
				GCC_WARN_UNINITIALIZED_AUTOS = YES_AGGRESSIVE;
				GCC_WARN_UNUSED_FUNCTION = YES;
				GCC_WARN_UNUSED_VARIABLE = YES;
				IPHONEOS_DEPLOYMENT_TARGET = 15.2;
				MTL_ENABLE_DEBUG_INFO = INCLUDE_SOURCE;
				MTL_FAST_MATH = YES;
				ONLY_ACTIVE_ARCH = YES;
				SDKROOT = iphoneos;
				SWIFT_ACTIVE_COMPILATION_CONDITIONS = DEBUG;
				SWIFT_OPTIMIZATION_LEVEL = "-Onone";
			};
			name = Debug;
		};
		BF3A9EA32774D07000168FAC /* Release */ = {
			isa = XCBuildConfiguration;
			buildSettings = {
				ALWAYS_SEARCH_USER_PATHS = NO;
				CLANG_ANALYZER_NONNULL = YES;
				CLANG_ANALYZER_NUMBER_OBJECT_CONVERSION = YES_AGGRESSIVE;
				CLANG_CXX_LANGUAGE_STANDARD = "gnu++17";
				CLANG_CXX_LIBRARY = "libc++";
				CLANG_ENABLE_MODULES = YES;
				CLANG_ENABLE_OBJC_ARC = YES;
				CLANG_ENABLE_OBJC_WEAK = YES;
				CLANG_WARN_BLOCK_CAPTURE_AUTORELEASING = YES;
				CLANG_WARN_BOOL_CONVERSION = YES;
				CLANG_WARN_COMMA = YES;
				CLANG_WARN_CONSTANT_CONVERSION = YES;
				CLANG_WARN_DEPRECATED_OBJC_IMPLEMENTATIONS = YES;
				CLANG_WARN_DIRECT_OBJC_ISA_USAGE = YES_ERROR;
				CLANG_WARN_DOCUMENTATION_COMMENTS = YES;
				CLANG_WARN_EMPTY_BODY = YES;
				CLANG_WARN_ENUM_CONVERSION = YES;
				CLANG_WARN_INFINITE_RECURSION = YES;
				CLANG_WARN_INT_CONVERSION = YES;
				CLANG_WARN_NON_LITERAL_NULL_CONVERSION = YES;
				CLANG_WARN_OBJC_IMPLICIT_RETAIN_SELF = YES;
				CLANG_WARN_OBJC_LITERAL_CONVERSION = YES;
				CLANG_WARN_OBJC_ROOT_CLASS = YES_ERROR;
				CLANG_WARN_QUOTED_INCLUDE_IN_FRAMEWORK_HEADER = YES;
				CLANG_WARN_RANGE_LOOP_ANALYSIS = YES;
				CLANG_WARN_STRICT_PROTOTYPES = YES;
				CLANG_WARN_SUSPICIOUS_MOVE = YES;
				CLANG_WARN_UNGUARDED_AVAILABILITY = YES_AGGRESSIVE;
				CLANG_WARN_UNREACHABLE_CODE = YES;
				CLANG_WARN__DUPLICATE_METHOD_MATCH = YES;
				COPY_PHASE_STRIP = NO;
				DEBUG_INFORMATION_FORMAT = "dwarf-with-dsym";
				ENABLE_NS_ASSERTIONS = NO;
				ENABLE_STRICT_OBJC_MSGSEND = YES;
				GCC_C_LANGUAGE_STANDARD = gnu11;
				GCC_NO_COMMON_BLOCKS = YES;
				GCC_WARN_64_TO_32_BIT_CONVERSION = YES;
				GCC_WARN_ABOUT_RETURN_TYPE = YES_ERROR;
				GCC_WARN_UNDECLARED_SELECTOR = YES;
				GCC_WARN_UNINITIALIZED_AUTOS = YES_AGGRESSIVE;
				GCC_WARN_UNUSED_FUNCTION = YES;
				GCC_WARN_UNUSED_VARIABLE = YES;
				IPHONEOS_DEPLOYMENT_TARGET = 15.2;
				MTL_ENABLE_DEBUG_INFO = NO;
				MTL_FAST_MATH = YES;
				SDKROOT = iphoneos;
				SWIFT_COMPILATION_MODE = wholemodule;
				SWIFT_OPTIMIZATION_LEVEL = "-O";
				VALIDATE_PRODUCT = YES;
			};
			name = Release;
		};
		BF3A9EA52774D07000168FAC /* Debug */ = {
			isa = XCBuildConfiguration;
			buildSettings = {
				ASSETCATALOG_COMPILER_APPICON_NAME = AppIcon;
				ASSETCATALOG_COMPILER_GLOBAL_ACCENT_COLOR_NAME = AccentColor;
				CODE_SIGN_STYLE = Automatic;
				CURRENT_PROJECT_VERSION = 1;
				GENERATE_INFOPLIST_FILE = YES;
				INFOPLIST_FILE = UiTabView/Info.plist;
				INFOPLIST_KEY_UIApplicationSupportsIndirectInputEvents = YES;
				INFOPLIST_KEY_UILaunchStoryboardName = LaunchScreen;
				INFOPLIST_KEY_UIMainStoryboardFile = Main;
				INFOPLIST_KEY_UISupportedInterfaceOrientations_iPad = "UIInterfaceOrientationPortrait UIInterfaceOrientationPortraitUpsideDown UIInterfaceOrientationLandscapeLeft UIInterfaceOrientationLandscapeRight";
				INFOPLIST_KEY_UISupportedInterfaceOrientations_iPhone = "UIInterfaceOrientationPortrait UIInterfaceOrientationLandscapeLeft UIInterfaceOrientationLandscapeRight";
				LD_RUNPATH_SEARCH_PATHS = (
					"$(inherited)",
					"@executable_path/Frameworks",
				);
				MARKETING_VERSION = 1.0;
				PRODUCT_BUNDLE_IDENTIFIER = com.martynov.UiTabView;
				PRODUCT_NAME = "$(TARGET_NAME)";
				SWIFT_EMIT_LOC_STRINGS = YES;
				SWIFT_VERSION = 5.0;
				TARGETED_DEVICE_FAMILY = "1,2";
			};
			name = Debug;
		};
		BF3A9EA62774D07000168FAC /* Release */ = {
			isa = XCBuildConfiguration;
			buildSettings = {
				ASSETCATALOG_COMPILER_APPICON_NAME = AppIcon;
				ASSETCATALOG_COMPILER_GLOBAL_ACCENT_COLOR_NAME = AccentColor;
				CODE_SIGN_STYLE = Automatic;
				CURRENT_PROJECT_VERSION = 1;
				GENERATE_INFOPLIST_FILE = YES;
				INFOPLIST_FILE = UiTabView/Info.plist;
				INFOPLIST_KEY_UIApplicationSupportsIndirectInputEvents = YES;
				INFOPLIST_KEY_UILaunchStoryboardName = LaunchScreen;
				INFOPLIST_KEY_UIMainStoryboardFile = Main;
				INFOPLIST_KEY_UISupportedInterfaceOrientations_iPad = "UIInterfaceOrientationPortrait UIInterfaceOrientationPortraitUpsideDown UIInterfaceOrientationLandscapeLeft UIInterfaceOrientationLandscapeRight";
				INFOPLIST_KEY_UISupportedInterfaceOrientations_iPhone = "UIInterfaceOrientationPortrait UIInterfaceOrientationLandscapeLeft UIInterfaceOrientationLandscapeRight";
				LD_RUNPATH_SEARCH_PATHS = (
					"$(inherited)",
					"@executable_path/Frameworks",
				);
				MARKETING_VERSION = 1.0;
				PRODUCT_BUNDLE_IDENTIFIER = com.martynov.UiTabView;
				PRODUCT_NAME = "$(TARGET_NAME)";
				SWIFT_EMIT_LOC_STRINGS = YES;
				SWIFT_VERSION = 5.0;
				TARGETED_DEVICE_FAMILY = "1,2";
			};
			name = Release;
		};
		BF3A9EA82774D07000168FAC /* Debug */ = {
			isa = XCBuildConfiguration;
			buildSettings = {
				ALWAYS_EMBED_SWIFT_STANDARD_LIBRARIES = YES;
				BUNDLE_LOADER = "$(TEST_HOST)";
				CODE_SIGN_STYLE = Automatic;
				CURRENT_PROJECT_VERSION = 1;
				GENERATE_INFOPLIST_FILE = YES;
				IPHONEOS_DEPLOYMENT_TARGET = 15.2;
				MARKETING_VERSION = 1.0;
				PRODUCT_BUNDLE_IDENTIFIER = com.martynov.UiTabViewTests;
				PRODUCT_NAME = "$(TARGET_NAME)";
				SWIFT_EMIT_LOC_STRINGS = NO;
				SWIFT_VERSION = 5.0;
				TARGETED_DEVICE_FAMILY = "1,2";
				TEST_HOST = "$(BUILT_PRODUCTS_DIR)/UiTabView.app/UiTabView";
			};
			name = Debug;
		};
		BF3A9EA92774D07000168FAC /* Release */ = {
			isa = XCBuildConfiguration;
			buildSettings = {
				ALWAYS_EMBED_SWIFT_STANDARD_LIBRARIES = YES;
				BUNDLE_LOADER = "$(TEST_HOST)";
				CODE_SIGN_STYLE = Automatic;
				CURRENT_PROJECT_VERSION = 1;
				GENERATE_INFOPLIST_FILE = YES;
				IPHONEOS_DEPLOYMENT_TARGET = 15.2;
				MARKETING_VERSION = 1.0;
				PRODUCT_BUNDLE_IDENTIFIER = com.martynov.UiTabViewTests;
				PRODUCT_NAME = "$(TARGET_NAME)";
				SWIFT_EMIT_LOC_STRINGS = NO;
				SWIFT_VERSION = 5.0;
				TARGETED_DEVICE_FAMILY = "1,2";
				TEST_HOST = "$(BUILT_PRODUCTS_DIR)/UiTabView.app/UiTabView";
			};
			name = Release;
		};
		BF3A9EAB2774D07000168FAC /* Debug */ = {
			isa = XCBuildConfiguration;
			buildSettings = {
				ALWAYS_EMBED_SWIFT_STANDARD_LIBRARIES = YES;
				CODE_SIGN_STYLE = Automatic;
				CURRENT_PROJECT_VERSION = 1;
				GENERATE_INFOPLIST_FILE = YES;
				MARKETING_VERSION = 1.0;
				PRODUCT_BUNDLE_IDENTIFIER = com.martynov.UiTabViewUITests;
				PRODUCT_NAME = "$(TARGET_NAME)";
				SWIFT_EMIT_LOC_STRINGS = NO;
				SWIFT_VERSION = 5.0;
				TARGETED_DEVICE_FAMILY = "1,2";
				TEST_TARGET_NAME = UiTabView;
			};
			name = Debug;
		};
		BF3A9EAC2774D07000168FAC /* Release */ = {
			isa = XCBuildConfiguration;
			buildSettings = {
				ALWAYS_EMBED_SWIFT_STANDARD_LIBRARIES = YES;
				CODE_SIGN_STYLE = Automatic;
				CURRENT_PROJECT_VERSION = 1;
				GENERATE_INFOPLIST_FILE = YES;
				MARKETING_VERSION = 1.0;
				PRODUCT_BUNDLE_IDENTIFIER = com.martynov.UiTabViewUITests;
				PRODUCT_NAME = "$(TARGET_NAME)";
				SWIFT_EMIT_LOC_STRINGS = NO;
				SWIFT_VERSION = 5.0;
				TARGETED_DEVICE_FAMILY = "1,2";
				TEST_TARGET_NAME = UiTabView;
			};
			name = Release;
		};
/* End XCBuildConfiguration section */

/* Begin XCConfigurationList section */
		BF3A9E752774D06E00168FAC /* Build configuration list for PBXProject "UiTabView" */ = {
			isa = XCConfigurationList;
			buildConfigurations = (
				BF3A9EA22774D07000168FAC /* Debug */,
				BF3A9EA32774D07000168FAC /* Release */,
			);
			defaultConfigurationIsVisible = 0;
			defaultConfigurationName = Release;
		};
		BF3A9EA42774D07000168FAC /* Build configuration list for PBXNativeTarget "UiTabView" */ = {
			isa = XCConfigurationList;
			buildConfigurations = (
				BF3A9EA52774D07000168FAC /* Debug */,
				BF3A9EA62774D07000168FAC /* Release */,
			);
			defaultConfigurationIsVisible = 0;
			defaultConfigurationName = Release;
		};
		BF3A9EA72774D07000168FAC /* Build configuration list for PBXNativeTarget "UiTabViewTests" */ = {
			isa = XCConfigurationList;
			buildConfigurations = (
				BF3A9EA82774D07000168FAC /* Debug */,
				BF3A9EA92774D07000168FAC /* Release */,
			);
			defaultConfigurationIsVisible = 0;
			defaultConfigurationName = Release;
		};
		BF3A9EAA2774D07000168FAC /* Build configuration list for PBXNativeTarget "UiTabViewUITests" */ = {
			isa = XCConfigurationList;
			buildConfigurations = (
				BF3A9EAB2774D07000168FAC /* Debug */,
				BF3A9EAC2774D07000168FAC /* Release */,
			);
			defaultConfigurationIsVisible = 0;
			defaultConfigurationName = Release;
		};
/* End XCConfigurationList section */
	};
	rootObject = BF3A9E722774D06E00168FAC /* Project object */;
}
